// !$*UTF8*$!
{
	archiveVersion = 1;
	classes = {
	};
	objectVersion = 46;
	objects = {

/* Begin PBXBuildFile section */
		845AC1901B1FC3A4005BF859 /* main.m in Sources */ = {isa = PBXBuildFile; fileRef = 845AC18F1B1FC3A4005BF859 /* main.m */; };
		845AC1931B1FC3A4005BF859 /* AppDelegate.m in Sources */ = {isa = PBXBuildFile; fileRef = 845AC1921B1FC3A4005BF859 /* AppDelegate.m */; };
		845AC1961B1FC3A4005BF859 /* ViewController.m in Sources */ = {isa = PBXBuildFile; fileRef = 845AC1951B1FC3A4005BF859 /* ViewController.m */; };
		845AC1991B1FC3A4005BF859 /* Main.storyboard in Resources */ = {isa = PBXBuildFile; fileRef = 845AC1971B1FC3A4005BF859 /* Main.storyboard */; };
		845AC19B1B1FC3A4005BF859 /* Images.xcassets in Resources */ = {isa = PBXBuildFile; fileRef = 845AC19A1B1FC3A4005BF859 /* Images.xcassets */; };
		845AC19E1B1FC3A4005BF859 /* LaunchScreen.xib in Resources */ = {isa = PBXBuildFile; fileRef = 845AC19C1B1FC3A4005BF859 /* LaunchScreen.xib */; };
		845AC1AA1B1FC3A4005BF859 /* Tutorial_26Tests.m in Sources */ = {isa = PBXBuildFile; fileRef = 845AC1A91B1FC3A4005BF859 /* Tutorial_26Tests.m */; };
/* End PBXBuildFile section */

/* Begin PBXContainerItemProxy section */
		845AC1A41B1FC3A4005BF859 /* PBXContainerItemProxy */ = {
			isa = PBXContainerItemProxy;
			containerPortal = 845AC1821B1FC3A4005BF859 /* Project object */;
			proxyType = 1;
			remoteGlobalIDString = 845AC1891B1FC3A4005BF859;
			remoteInfo = Tutorial_26;
		};
/* End PBXContainerItemProxy section */

/* Begin PBXFileReference section */
		845AC18A1B1FC3A4005BF859 /* Tutorial_26.app */ = {isa = PBXFileReference; explicitFileType = wrapper.application; includeInIndex = 0; path = Tutorial_26.app; sourceTree = BUILT_PRODUCTS_DIR; };
		845AC18E1B1FC3A4005BF859 /* Info.plist */ = {isa = PBXFileReference; lastKnownFileType = text.plist.xml; path = Info.plist; sourceTree = "<group>"; };
		845AC18F1B1FC3A4005BF859 /* main.m */ = {isa = PBXFileReference; lastKnownFileType = sourcecode.c.objc; path = main.m; sourceTree = "<group>"; };
		845AC1911B1FC3A4005BF859 /* AppDelegate.h */ = {isa = PBXFileReference; lastKnownFileType = sourcecode.c.h; path = AppDelegate.h; sourceTree = "<group>"; };
		845AC1921B1FC3A4005BF859 /* AppDelegate.m */ = {isa = PBXFileReference; lastKnownFileType = sourcecode.c.objc; path = AppDelegate.m; sourceTree = "<group>"; };
		845AC1941B1FC3A4005BF859 /* ViewController.h */ = {isa = PBXFileReference; lastKnownFileType = sourcecode.c.h; path = ViewController.h; sourceTree = "<group>"; };
		845AC1951B1FC3A4005BF859 /* ViewController.m */ = {isa = PBXFileReference; lastKnownFileType = sourcecode.c.objc; path = ViewController.m; sourceTree = "<group>"; };
		845AC1981B1FC3A4005BF859 /* Base */ = {isa = PBXFileReference; lastKnownFileType = file.storyboard; name = Base; path = Base.lproj/Main.storyboard; sourceTree = "<group>"; };
		845AC19A1B1FC3A4005BF859 /* Images.xcassets */ = {isa = PBXFileReference; lastKnownFileType = folder.assetcatalog; path = Images.xcassets; sourceTree = "<group>"; };
		845AC19D1B1FC3A4005BF859 /* Base */ = {isa = PBXFileReference; lastKnownFileType = file.xib; name = Base; path = Base.lproj/LaunchScreen.xib; sourceTree = "<group>"; };
		845AC1A31B1FC3A4005BF859 /* Tutorial_26Tests.xctest */ = {isa = PBXFileReference; explicitFileType = wrapper.cfbundle; includeInIndex = 0; path = Tutorial_26Tests.xctest; sourceTree = BUILT_PRODUCTS_DIR; };
		845AC1A81B1FC3A4005BF859 /* Info.plist */ = {isa = PBXFileReference; lastKnownFileType = text.plist.xml; path = Info.plist; sourceTree = "<group>"; };
		845AC1A91B1FC3A4005BF859 /* Tutorial_26Tests.m */ = {isa = PBXFileReference; lastKnownFileType = sourcecode.c.objc; path = Tutorial_26Tests.m; sourceTree = "<group>"; };
/* End PBXFileReference section */

/* Begin PBXFrameworksBuildPhase section */
		845AC1871B1FC3A4005BF859 /* Frameworks */ = {
			isa = PBXFrameworksBuildPhase;
			buildActionMask = 2147483647;
			files = (
			);
			runOnlyForDeploymentPostprocessing = 0;
		};
		845AC1A01B1FC3A4005BF859 /* Frameworks */ = {
			isa = PBXFrameworksBuildPhase;
			buildActionMask = 2147483647;
			files = (
			);
			runOnlyForDeploymentPostprocessing = 0;
		};
/* End PBXFrameworksBuildPhase section */

/* Begin PBXGroup section */
		845AC1811B1FC3A4005BF859 = {
			isa = PBXGroup;
			children = (
				845AC18C1B1FC3A4005BF859 /* Tutorial_26 */,
				845AC1A61B1FC3A4005BF859 /* Tutorial_26Tests */,
				845AC18B1B1FC3A4005BF859 /* Products */,
			);
			sourceTree = "<group>";
		};
		845AC18B1B1FC3A4005BF859 /* Products */ = {
			isa = PBXGroup;
			children = (
				845AC18A1B1FC3A4005BF859 /* Tutorial_26.app */,
				845AC1A31B1FC3A4005BF859 /* Tutorial_26Tests.xctest */,
			);
			name = Products;
			sourceTree = "<group>";
		};
		845AC18C1B1FC3A4005BF859 /* Tutorial_26 */ = {
			isa = PBXGroup;
			children = (
				845AC1911B1FC3A4005BF859 /* AppDelegate.h */,
				845AC1921B1FC3A4005BF859 /* AppDelegate.m */,
				845AC1941B1FC3A4005BF859 /* ViewController.h */,
				845AC1951B1FC3A4005BF859 /* ViewController.m */,
				845AC1971B1FC3A4005BF859 /* Main.storyboard */,
				845AC19A1B1FC3A4005BF859 /* Images.xcassets */,
				845AC19C1B1FC3A4005BF859 /* LaunchScreen.xib */,
				845AC18D1B1FC3A4005BF859 /* Supporting Files */,
			);
			path = Tutorial_26;
			sourceTree = "<group>";
		};
		845AC18D1B1FC3A4005BF859 /* Supporting Files */ = {
			isa = PBXGroup;
			children = (
				845AC18E1B1FC3A4005BF859 /* Info.plist */,
				845AC18F1B1FC3A4005BF859 /* main.m */,
			);
			name = "Supporting Files";
			sourceTree = "<group>";
		};
		845AC1A61B1FC3A4005BF859 /* Tutorial_26Tests */ = {
			isa = PBXGroup;
			children = (
				845AC1A91B1FC3A4005BF859 /* Tutorial_26Tests.m */,
				845AC1A71B1FC3A4005BF859 /* Supporting Files */,
			);
			path = Tutorial_26Tests;
			sourceTree = "<group>";
		};
		845AC1A71B1FC3A4005BF859 /* Supporting Files */ = {
			isa = PBXGroup;
			children = (
				845AC1A81B1FC3A4005BF859 /* Info.plist */,
			);
			name = "Supporting Files";
			sourceTree = "<group>";
		};
/* End PBXGroup section */

/* Begin PBXNativeTarget section */
		845AC1891B1FC3A4005BF859 /* Tutorial_26 */ = {
			isa = PBXNativeTarget;
			buildConfigurationList = 845AC1AD1B1FC3A4005BF859 /* Build configuration list for PBXNativeTarget "Tutorial_26" */;
			buildPhases = (
				845AC1861B1FC3A4005BF859 /* Sources */,
				845AC1871B1FC3A4005BF859 /* Frameworks */,
				845AC1881B1FC3A4005BF859 /* Resources */,
			);
			buildRules = (
			);
			dependencies = (
			);
			name = Tutorial_26;
			productName = Tutorial_26;
			productReference = 845AC18A1B1FC3A4005BF859 /* Tutorial_26.app */;
			productType = "com.apple.product-type.application";
		};
		845AC1A21B1FC3A4005BF859 /* Tutorial_26Tests */ = {
			isa = PBXNativeTarget;
			buildConfigurationList = 845AC1B01B1FC3A4005BF859 /* Build configuration list for PBXNativeTarget "Tutorial_26Tests" */;
			buildPhases = (
				845AC19F1B1FC3A4005BF859 /* Sources */,
				845AC1A01B1FC3A4005BF859 /* Frameworks */,
				845AC1A11B1FC3A4005BF859 /* Resources */,
			);
			buildRules = (
			);
			dependencies = (
				845AC1A51B1FC3A4005BF859 /* PBXTargetDependency */,
			);
			name = Tutorial_26Tests;
			productName = Tutorial_26Tests;
			productReference = 845AC1A31B1FC3A4005BF859 /* Tutorial_26Tests.xctest */;
			productType = "com.apple.product-type.bundle.unit-test";
		};
/* End PBXNativeTarget section */

/* Begin PBXProject section */
		845AC1821B1FC3A4005BF859 /* Project object */ = {
			isa = PBXProject;
			attributes = {
				LastUpgradeCheck = 0630;
				ORGANIZATIONNAME = Admin;
				TargetAttributes = {
					845AC1891B1FC3A4005BF859 = {
						CreatedOnToolsVersion = 6.3.1;
					};
					845AC1A21B1FC3A4005BF859 = {
						CreatedOnToolsVersion = 6.3.1;
						TestTargetID = 845AC1891B1FC3A4005BF859;
					};
				};
			};
			buildConfigurationList = 845AC1851B1FC3A4005BF859 /* Build configuration list for PBXProject "Tutorial_26" */;
			compatibilityVersion = "Xcode 3.2";
			developmentRegion = English;
			hasScannedForEncodings = 0;
			knownRegions = (
				en,
				Base,
			);
			mainGroup = 845AC1811B1FC3A4005BF859;
			productRefGroup = 845AC18B1B1FC3A4005BF859 /* Products */;
			projectDirPath = "";
			projectRoot = "";
			targets = (
				845AC1891B1FC3A4005BF859 /* Tutorial_26 */,
				845AC1A21B1FC3A4005BF859 /* Tutorial_26Tests */,
			);
		};
/* End PBXProject section */

/* Begin PBXResourcesBuildPhase section */
		845AC1881B1FC3A4005BF859 /* Resources */ = {
			isa = PBXResourcesBuildPhase;
			buildActionMask = 2147483647;
			files = (
				845AC1991B1FC3A4005BF859 /* Main.storyboard in Resources */,
				845AC19E1B1FC3A4005BF859 /* LaunchScreen.xib in Resources */,
				845AC19B1B1FC3A4005BF859 /* Images.xcassets in Resources */,
			);
			runOnlyForDeploymentPostprocessing = 0;
		};
		845AC1A11B1FC3A4005BF859 /* Resources */ = {
			isa = PBXResourcesBuildPhase;
			buildActionMask = 2147483647;
			files = (
			);
			runOnlyForDeploymentPostprocessing = 0;
		};
/* End PBXResourcesBuildPhase section */

/* Begin PBXSourcesBuildPhase section */
		845AC1861B1FC3A4005BF859 /* Sources */ = {
			isa = PBXSourcesBuildPhase;
			buildActionMask = 2147483647;
			files = (
				845AC1961B1FC3A4005BF859 /* ViewController.m in Sources */,
				845AC1931B1FC3A4005BF859 /* AppDelegate.m in Sources */,
				845AC1901B1FC3A4005BF859 /* main.m in Sources */,
			);
			runOnlyForDeploymentPostprocessing = 0;
		};
		845AC19F1B1FC3A4005BF859 /* Sources */ = {
			isa = PBXSourcesBuildPhase;
			buildActionMask = 2147483647;
			files = (
				845AC1AA1B1FC3A4005BF859 /* Tutorial_26Tests.m in Sources */,
			);
			runOnlyForDeploymentPostprocessing = 0;
		};
/* End PBXSourcesBuildPhase section */

/* Begin PBXTargetDependency section */
		845AC1A51B1FC3A4005BF859 /* PBXTargetDependency */ = {
			isa = PBXTargetDependency;
			target = 845AC1891B1FC3A4005BF859 /* Tutorial_26 */;
			targetProxy = 845AC1A41B1FC3A4005BF859 /* PBXContainerItemProxy */;
		};
/* End PBXTargetDependency section */

/* Begin PBXVariantGroup section */
		845AC1971B1FC3A4005BF859 /* Main.storyboard */ = {
			isa = PBXVariantGroup;
			children = (
				845AC1981B1FC3A4005BF859 /* Base */,
			);
			name = Main.storyboard;
			sourceTree = "<group>";
		};
		845AC19C1B1FC3A4005BF859 /* LaunchScreen.xib */ = {
			isa = PBXVariantGroup;
			children = (
				845AC19D1B1FC3A4005BF859 /* Base */,
			);
			name = LaunchScreen.xib;
			sourceTree = "<group>";
		};
/* End PBXVariantGroup section */

/* Begin XCBuildConfiguration section */
		845AC1AB1B1FC3A4005BF859 /* Debug */ = {
			isa = XCBuildConfiguration;
			buildSettings = {
				ALWAYS_SEARCH_USER_PATHS = NO;
				CLANG_CXX_LANGUAGE_STANDARD = "gnu++0x";
				CLANG_CXX_LIBRARY = "libc++";
				CLANG_ENABLE_MODULES = YES;
				CLANG_ENABLE_OBJC_ARC = YES;
				CLANG_WARN_BOOL_CONVERSION = YES;
				CLANG_WARN_CONSTANT_CONVERSION = YES;
				CLANG_WARN_DIRECT_OBJC_ISA_USAGE = YES_ERROR;
				CLANG_WARN_EMPTY_BODY = YES;
				CLANG_WARN_ENUM_CONVERSION = YES;
				CLANG_WARN_INT_CONVERSION = YES;
				CLANG_WARN_OBJC_ROOT_CLASS = YES_ERROR;
				CLANG_WARN_UNREACHABLE_CODE = YES;
				CLANG_WARN__DUPLICATE_METHOD_MATCH = YES;
				"CODE_SIGN_IDENTITY[sdk=iphoneos*]" = "iPhone Developer";
				COPY_PHASE_STRIP = NO;
				DEBUG_INFORMATION_FORMAT = "dwarf-with-dsym";
				ENABLE_STRICT_OBJC_MSGSEND = YES;
				GCC_C_LANGUAGE_STANDARD = gnu99;
				GCC_DYNAMIC_NO_PIC = NO;
				GCC_NO_COMMON_BLOCKS = YES;
				GCC_OPTIMIZATION_LEVEL = 0;
				GCC_PREPROCESSOR_DEFINITIONS = (
					"DEBUG=1",
					"$(inherited)",
				);
				GCC_SYMBOLS_PRIVATE_EXTERN = NO;
				GCC_WARN_64_TO_32_BIT_CONVERSION = YES;
				GCC_WARN_ABOUT_RETURN_TYPE = YES_ERROR;
				GCC_WARN_UNDECLARED_SELECTOR = YES;
				GCC_WARN_UNINITIALIZED_AUTOS = YES_AGGRESSIVE;
				GCC_WARN_UNUSED_FUNCTION = YES;
				GCC_WARN_UNUSED_VARIABLE = YES;
				IPHONEOS_DEPLOYMENT_TARGET = 8.3;
				MTL_ENABLE_DEBUG_INFO = YES;
				ONLY_ACTIVE_ARCH = YES;
				SDKROOT = iphoneos;
			};
			name = Debug;
		};
		845AC1AC1B1FC3A4005BF859 /* Release */ = {
			isa = XCBuildConfiguration;
			buildSettings = {
				ALWAYS_SEARCH_USER_PATHS = NO;
				CLANG_CXX_LANGUAGE_STANDARD = "gnu++0x";
				CLANG_CXX_LIBRARY = "libc++";
				CLANG_ENABLE_MODULES = YES;
				CLANG_ENABLE_OBJC_ARC = YES;
				CLANG_WARN_BOOL_CONVERSION = YES;
				CLANG_WARN_CONSTANT_CONVERSION = YES;
				CLANG_WARN_DIRECT_OBJC_ISA_USAGE = YES_ERROR;
				CLANG_WARN_EMPTY_BODY = YES;
				CLANG_WARN_ENUM_CONVERSION = YES;
				CLANG_WARN_INT_CONVERSION = YES;
				CLANG_WARN_OBJC_ROOT_CLASS = YES_ERROR;
				CLANG_WARN_UNREACHABLE_CODE = YES;
				CLANG_WARN__DUPLICATE_METHOD_MATCH = YES;
				"CODE_SIGN_IDENTITY[sdk=iphoneos*]" = "iPhone Developer";
				COPY_PHASE_STRIP = NO;
				DEBUG_INFORMATION_FORMAT = "dwarf-with-dsym";
				ENABLE_NS_ASSERTIONS = NO;
				ENABLE_STRICT_OBJC_MSGSEND = YES;
				GCC_C_LANGUAGE_STANDARD = gnu99;
				GCC_NO_COMMON_BLOCKS = YES;
				GCC_WARN_64_TO_32_BIT_CONVERSION = YES;
				GCC_WARN_ABOUT_RETURN_TYPE = YES_ERROR;
				GCC_WARN_UNDECLARED_SELECTOR = YES;
				GCC_WARN_UNINITIALIZED_AUTOS = YES_AGGRESSIVE;
				GCC_WARN_UNUSED_FUNCTION = YES;
				GCC_WARN_UNUSED_VARIABLE = YES;
				IPHONEOS_DEPLOYMENT_TARGET = 8.3;
				MTL_ENABLE_DEBUG_INFO = NO;
				SDKROOT = iphoneos;
				VALIDATE_PRODUCT = YES;
			};
			name = Release;
		};
		845AC1AE1B1FC3A4005BF859 /* Debug */ = {
			isa = XCBuildConfiguration;
			buildSettings = {
				ASSETCATALOG_COMPILER_APPICON_NAME = AppIcon;
				INFOPLIST_FILE = Tutorial_26/Info.plist;
				LD_RUNPATH_SEARCH_PATHS = "$(inherited) @executable_path/Frameworks";
				PRODUCT_NAME = "$(TARGET_NAME)";
			};
			name = Debug;
		};
		845AC1AF1B1FC3A4005BF859 /* Release */ = {
			isa = XCBuildConfiguration;
			buildSettings = {
				ASSETCATALOG_COMPILER_APPICON_NAME = AppIcon;
				INFOPLIST_FILE = Tutorial_26/Info.plist;
				LD_RUNPATH_SEARCH_PATHS = "$(inherited) @executable_path/Frameworks";
				PRODUCT_NAME = "$(TARGET_NAME)";
			};
			name = Release;
		};
		845AC1B11B1FC3A4005BF859 /* Debug */ = {
			isa = XCBuildConfiguration;
			buildSettings = {
				BUNDLE_LOADER = "$(TEST_HOST)";
				FRAMEWORK_SEARCH_PATHS = (
					"$(SDKROOT)/Developer/Library/Frameworks",
					"$(inherited)",
				);
				GCC_PREPROCESSOR_DEFINITIONS = (
					"DEBUG=1",
					"$(inherited)",
				);
				INFOPLIST_FILE = Tutorial_26Tests/Info.plist;
				LD_RUNPATH_SEARCH_PATHS = "$(inherited) @executable_path/Frameworks @loader_path/Frameworks";
				PRODUCT_NAME = "$(TARGET_NAME)";
				TEST_HOST = "$(BUILT_PRODUCTS_DIR)/Tutorial_26.app/Tutorial_26";
			};
			name = Debug;
		};
		845AC1B21B1FC3A4005BF859 /* Release */ = {
			isa = XCBuildConfiguration;
			buildSettings = {
				BUNDLE_LOADER = "$(TEST_HOST)";
				FRAMEWORK_SEARCH_PATHS = (
					"$(SDKROOT)/Developer/Library/Frameworks",
					"$(inherited)",
				);
				INFOPLIST_FILE = Tutorial_26Tests/Info.plist;
				LD_RUNPATH_SEARCH_PATHS = "$(inherited) @executable_path/Frameworks @loader_path/Frameworks";
				PRODUCT_NAME = "$(TARGET_NAME)";
				TEST_HOST = "$(BUILT_PRODUCTS_DIR)/Tutorial_26.app/Tutorial_26";
			};
			name = Release;
		};
/* End XCBuildConfiguration section */

/* Begin XCConfigurationList section */
		845AC1851B1FC3A4005BF859 /* Build configuration list for PBXProject "Tutorial_26" */ = {
			isa = XCConfigurationList;
			buildConfigurations = (
				845AC1AB1B1FC3A4005BF859 /* Debug */,
				845AC1AC1B1FC3A4005BF859 /* Release */,
			);
			defaultConfigurationIsVisible = 0;
			defaultConfigurationName = Release;
		};
		845AC1AD1B1FC3A4005BF859 /* Build configuration list for PBXNativeTarget "Tutorial_26" */ = {
			isa = XCConfigurationList;
			buildConfigurations = (
				845AC1AE1B1FC3A4005BF859 /* Debug */,
				845AC1AF1B1FC3A4005BF859 /* Release */,
			);
			defaultConfigurationIsVisible = 0;
		};
		845AC1B01B1FC3A4005BF859 /* Build configuration list for PBXNativeTarget "Tutorial_26Tests" */ = {
			isa = XCConfigurationList;
			buildConfigurations = (
				845AC1B11B1FC3A4005BF859 /* Debug */,
				845AC1B21B1FC3A4005BF859 /* Release */,
			);
			defaultConfigurationIsVisible = 0;
		};
/* End XCConfigurationList section */
	};
	rootObject = 845AC1821B1FC3A4005BF859 /* Project object */;
}
